
Microsoft Visual Studio Solution File, Format Version 12.00
# Visual Studio Version 16
VisualStudioVersion = 16.0.34031.81
MinimumVisualStudioVersion = 10.0.40219.1
Project("{FAE04EC0-301F-11D3-BF4B-00C04F79EFBC}") = "QLBanSach", "QLBanSach\QLBanSach.csproj", "{BF544929-F361-4F0E-B205-D834A4DAF344}"
EndProject
Global
	GlobalSection(SolutionConfigurationPlatforms) = preSolution
		Debug|Any CPU = Debug|Any CPU
		Release|Any CPU = Release|Any CPU
	EndGlobalSection
	GlobalSection(ProjectConfigurationPlatforms) = postSolution
		{BF544929-F361-4F0E-B205-D834A4DAF344}.Debug|Any CPU.ActiveCfg = Debug|Any CPU
		{BF544929-F361-4F0E-B205-D834A4DAF344}.Debug|Any CPU.Build.0 = Debug|Any CPU
		{BF544929-F361-4F0E-B205-D834A4DAF344}.Release|Any CPU.ActiveCfg = Release|Any CPU
		{BF544929-F361-4F0E-B205-D834A4DAF344}.Release|Any CPU.Build.0 = Release|Any CPU
	EndGlobalSection
	GlobalSection(SolutionProperties) = preSolution
		HideSolutionNode = FALSE
	EndGlobalSection
	GlobalSection(ExtensibilityGlobals) = postSolution
		SolutionGuid = {195A0C9A-5FB7-4E1A-89F1-F1D2AC3B4983}
	EndGlobalSection
EndGlobal
